
Microsoft Visual Studio Solution File, Format Version 12.00
# Visual Studio Version 16
VisualStudioVersion = 16.0.30711.63
MinimumVisualStudioVersion = 10.0.40219.1
Project("{2150E333-8FDC-42A3-9474-1A3956D46DE8}") = "Docs", "Docs", "{0D4C76DB-F789-4F40-80AD-8AB09F4EAF24}"
	ProjectSection(SolutionItems) = preProject
		.gitignore = .gitignore
		LICENSE = LICENSE
		README.md = README.md
	EndProjectSection
EndProject
Project("{9A19103F-16F7-4668-BE54-9A1E7A4F7556}") = "Meter.Reading.Api", "Source\Api\Meter.Reading.Api.csproj", "{C2C3053C-F046-4DC5-9C42-51EAB55E7AF0}"
EndProject
Project("{9A19103F-16F7-4668-BE54-9A1E7A4F7556}") = "Meter.Reading.Application", "Source\Application\Meter.Reading.Application.csproj", "{6E9B6CB9-7473-4B9B-9727-D697F8819C8D}"
EndProject
Project("{9A19103F-16F7-4668-BE54-9A1E7A4F7556}") = "Meter.Reading.Domain", "Source\Domain\Meter.Reading.Domain.csproj", "{1970FDDE-76C3-44C9-8921-05D52B0209CD}"
EndProject
Project("{9A19103F-16F7-4668-BE54-9A1E7A4F7556}") = "Meter.Reading.Infrastructure", "Source\Infrastructure\Meter.Reading.Infrastructure.csproj", "{74EC42FD-6226-4ECE-B645-DDFA6F084238}"
EndProject
Project("{9A19103F-16F7-4668-BE54-9A1E7A4F7556}") = "Meter.Reading.Tests", "Source\Tests\Meter.Reading.Tests.csproj", "{EB6DAB7D-D9D6-4D0A-B090-40660A8D569B}"
EndProject
Global
	GlobalSection(SolutionConfigurationPlatforms) = preSolution
		Debug|Any CPU = Debug|Any CPU
		Release|Any CPU = Release|Any CPU
	EndGlobalSection
	GlobalSection(ProjectConfigurationPlatforms) = postSolution
		{C2C3053C-F046-4DC5-9C42-51EAB55E7AF0}.Debug|Any CPU.ActiveCfg = Debug|Any CPU
		{C2C3053C-F046-4DC5-9C42-51EAB55E7AF0}.Debug|Any CPU.Build.0 = Debug|Any CPU
		{C2C3053C-F046-4DC5-9C42-51EAB55E7AF0}.Release|Any CPU.ActiveCfg = Release|Any CPU
		{C2C3053C-F046-4DC5-9C42-51EAB55E7AF0}.Release|Any CPU.Build.0 = Release|Any CPU
		{6E9B6CB9-7473-4B9B-9727-D697F8819C8D}.Debug|Any CPU.ActiveCfg = Debug|Any CPU
		{6E9B6CB9-7473-4B9B-9727-D697F8819C8D}.Debug|Any CPU.Build.0 = Debug|Any CPU
		{6E9B6CB9-7473-4B9B-9727-D697F8819C8D}.Release|Any CPU.ActiveCfg = Release|Any CPU
		{6E9B6CB9-7473-4B9B-9727-D697F8819C8D}.Release|Any CPU.Build.0 = Release|Any CPU
		{1970FDDE-76C3-44C9-8921-05D52B0209CD}.Debug|Any CPU.ActiveCfg = Debug|Any CPU
		{1970FDDE-76C3-44C9-8921-05D52B0209CD}.Debug|Any CPU.Build.0 = Debug|Any CPU
		{1970FDDE-76C3-44C9-8921-05D52B0209CD}.Release|Any CPU.ActiveCfg = Release|Any CPU
		{1970FDDE-76C3-44C9-8921-05D52B0209CD}.Release|Any CPU.Build.0 = Release|Any CPU
		{74EC42FD-6226-4ECE-B645-DDFA6F084238}.Debug|Any CPU.ActiveCfg = Debug|Any CPU
		{74EC42FD-6226-4ECE-B645-DDFA6F084238}.Debug|Any CPU.Build.0 = Debug|Any CPU
		{74EC42FD-6226-4ECE-B645-DDFA6F084238}.Release|Any CPU.ActiveCfg = Release|Any CPU
		{74EC42FD-6226-4ECE-B645-DDFA6F084238}.Release|Any CPU.Build.0 = Release|Any CPU
		{EB6DAB7D-D9D6-4D0A-B090-40660A8D569B}.Debug|Any CPU.ActiveCfg = Debug|Any CPU
		{EB6DAB7D-D9D6-4D0A-B090-40660A8D569B}.Debug|Any CPU.Build.0 = Debug|Any CPU
		{EB6DAB7D-D9D6-4D0A-B090-40660A8D569B}.Release|Any CPU.ActiveCfg = Release|Any CPU
		{EB6DAB7D-D9D6-4D0A-B090-40660A8D569B}.Release|Any CPU.Build.0 = Release|Any CPU
	EndGlobalSection
	GlobalSection(SolutionProperties) = preSolution
		HideSolutionNode = FALSE
	EndGlobalSection
	GlobalSection(ExtensibilityGlobals) = postSolution
		SolutionGuid = {B28C30F0-718B-44E3-92F8-DA9CE505AF43}
	EndGlobalSection
EndGlobal
